// !$*UTF8*$!
{
	archiveVersion = 1;
	classes = {
	};
	objectVersion = 50;
	objects = {

/* Begin PBXBuildFile section */
		B1B103BB2425C9EB0090CBC6 /* AppDelegate.swift in Sources */ = {isa = PBXBuildFile; fileRef = B1B103BA2425C9EB0090CBC6 /* AppDelegate.swift */; };
		B1B103BD2425C9EB0090CBC6 /* SceneDelegate.swift in Sources */ = {isa = PBXBuildFile; fileRef = B1B103BC2425C9EB0090CBC6 /* SceneDelegate.swift */; };
		B1B103BF2425C9EB0090CBC6 /* ViewController.swift in Sources */ = {isa = PBXBuildFile; fileRef = B1B103BE2425C9EB0090CBC6 /* ViewController.swift */; };
		B1B103C22425C9EB0090CBC6 /* Main.storyboard in Resources */ = {isa = PBXBuildFile; fileRef = B1B103C02425C9EB0090CBC6 /* Main.storyboard */; };
		B1B103C42425C9ED0090CBC6 /* Assets.xcassets in Resources */ = {isa = PBXBuildFile; fileRef = B1B103C32425C9ED0090CBC6 /* Assets.xcassets */; };
		B1B103C72425C9ED0090CBC6 /* LaunchScreen.storyboard in Resources */ = {isa = PBXBuildFile; fileRef = B1B103C52425C9ED0090CBC6 /* LaunchScreen.storyboard */; };
/* End PBXBuildFile section */

/* Begin PBXFileReference section */
		B1B103B72425C9EA0090CBC6 /* which.app */ = {isa = PBXFileReference; explicitFileType = wrapper.application; includeInIndex = 0; path = which.app; sourceTree = BUILT_PRODUCTS_DIR; };
		B1B103BA2425C9EB0090CBC6 /* AppDelegate.swift */ = {isa = PBXFileReference; lastKnownFileType = sourcecode.swift; path = AppDelegate.swift; sourceTree = "<group>"; };
		B1B103BC2425C9EB0090CBC6 /* SceneDelegate.swift */ = {isa = PBXFileReference; lastKnownFileType = sourcecode.swift; path = SceneDelegate.swift; sourceTree = "<group>"; };
		B1B103BE2425C9EB0090CBC6 /* ViewController.swift */ = {isa = PBXFileReference; lastKnownFileType = sourcecode.swift; path = ViewController.swift; sourceTree = "<group>"; };
		B1B103C12425C9EB0090CBC6 /* Base */ = {isa = PBXFileReference; lastKnownFileType = file.storyboard; name = Base; path = Base.lproj/Main.storyboard; sourceTree = "<group>"; };
		B1B103C32425C9ED0090CBC6 /* Assets.xcassets */ = {isa = PBXFileReference; lastKnownFileType = folder.assetcatalog; path = Assets.xcassets; sourceTree = "<group>"; };
		B1B103C62425C9ED0090CBC6 /* Base */ = {isa = PBXFileReference; lastKnownFileType = file.storyboard; name = Base; path = Base.lproj/LaunchScreen.storyboard; sourceTree = "<group>"; };
		B1B103C82425C9ED0090CBC6 /* Info.plist */ = {isa = PBXFileReference; lastKnownFileType = text.plist.xml; path = Info.plist; sourceTree = "<group>"; };
/* End PBXFileReference section */

/* Begin PBXFrameworksBuildPhase section */
		B1B103B42425C9EA0090CBC6 /* Frameworks */ = {
			isa = PBXFrameworksBuildPhase;
			buildActionMask = 2147483647;
			files = (
			);
			runOnlyForDeploymentPostprocessing = 0;
		};
/* End PBXFrameworksBuildPhase section */

/* Begin PBXGroup section */
		B1B103AE2425C9EA0090CBC6 = {
			isa = PBXGroup;
			children = (
				B1B103B92425C9EA0090CBC6 /* eat */,
				B1B103B82425C9EA0090CBC6 /* Products */,
			);
			sourceTree = "<group>";
		};
		B1B103B82425C9EA0090CBC6 /* Products */ = {
			isa = PBXGroup;
			children = (
				B1B103B72425C9EA0090CBC6 /* which.app */,
			);
			name = Products;
			sourceTree = "<group>";
		};
		B1B103B92425C9EA0090CBC6 /* eat */ = {
			isa = PBXGroup;
			children = (
				B1B103BA2425C9EB0090CBC6 /* AppDelegate.swift */,
				B1B103BC2425C9EB0090CBC6 /* SceneDelegate.swift */,
				B1B103BE2425C9EB0090CBC6 /* ViewController.swift */,
				B1B103C02425C9EB0090CBC6 /* Main.storyboard */,
				B1B103C32425C9ED0090CBC6 /* Assets.xcassets */,
				B1B103C52425C9ED0090CBC6 /* LaunchScreen.storyboard */,
				B1B103C82425C9ED0090CBC6 /* Info.plist */,
			);
			path = eat;
			sourceTree = "<group>";
		};
/* End PBXGroup section */

/* Begin PBXNativeTarget section */
		B1B103B62425C9EA0090CBC6 /* which */ = {
			isa = PBXNativeTarget;
			buildConfigurationList = B1B103CB2425C9ED0090CBC6 /* Build configuration list for PBXNativeTarget "which" */;
			buildPhases = (
				B1B103B32425C9EA0090CBC6 /* Sources */,
				B1B103B42425C9EA0090CBC6 /* Frameworks */,
				B1B103B52425C9EA0090CBC6 /* Resources */,
			);
			buildRules = (
			);
			dependencies = (
			);
			name = which;
			productName = eat;
			productReference = B1B103B72425C9EA0090CBC6 /* which.app */;
			productType = "com.apple.product-type.application";
		};
/* End PBXNativeTarget section */

/* Begin PBXProject section */
		B1B103AF2425C9EA0090CBC6 /* Project object */ = {
			isa = PBXProject;
			attributes = {
				LastSwiftUpdateCheck = 1130;
				LastUpgradeCheck = 1130;
				ORGANIZATIONNAME = test;
				TargetAttributes = {
					B1B103B62425C9EA0090CBC6 = {
						CreatedOnToolsVersion = 11.3.1;
					};
				};
			};
			buildConfigurationList = B1B103B22425C9EA0090CBC6 /* Build configuration list for PBXProject "which" */;
			compatibilityVersion = "Xcode 9.3";
			developmentRegion = en;
			hasScannedForEncodings = 0;
			knownRegions = (
				en,
				Base,
			);
			mainGroup = B1B103AE2425C9EA0090CBC6;
			productRefGroup = B1B103B82425C9EA0090CBC6 /* Products */;
			projectDirPath = "";
			projectRoot = "";
			targets = (
				B1B103B62425C9EA0090CBC6 /* which */,
			);
		};
/* End PBXProject section */

/* Begin PBXResourcesBuildPhase section */
		B1B103B52425C9EA0090CBC6 /* Resources */ = {
			isa = PBXResourcesBuildPhase;
			buildActionMask = 2147483647;
			files = (
				B1B103C72425C9ED0090CBC6 /* LaunchScreen.storyboard in Resources */,
				B1B103C42425C9ED0090CBC6 /* Assets.xcassets in Resources */,
				B1B103C22425C9EB0090CBC6 /* Main.storyboard in Resources */,
			);
			runOnlyForDeploymentPostprocessing = 0;
		};
/* End PBXResourcesBuildPhase section */

/* Begin PBXSourcesBuildPhase section */
		B1B103B32425C9EA0090CBC6 /* Sources */ = {
			isa = PBXSourcesBuildPhase;
			buildActionMask = 2147483647;
			files = (
				B1B103BF2425C9EB0090CBC6 /* ViewController.swift in Sources */,
				B1B103BB2425C9EB0090CBC6 /* AppDelegate.swift in Sources */,
				B1B103BD2425C9EB0090CBC6 /* SceneDelegate.swift in Sources */,
			);
			runOnlyForDeploymentPostprocessing = 0;
		};
/* End PBXSourcesBuildPhase section */

/* Begin PBXVariantGroup section */
		B1B103C02425C9EB0090CBC6 /* Main.storyboard */ = {
			isa = PBXVariantGroup;
			children = (
				B1B103C12425C9EB0090CBC6 /* Base */,
			);
			name = Main.storyboard;
			sourceTree = "<group>";
		};
		B1B103C52425C9ED0090CBC6 /* LaunchScreen.storyboard */ = {
			isa = PBXVariantGroup;
			children = (
				B1B103C62425C9ED0090CBC6 /* Base */,
			);
			name = LaunchScreen.storyboard;
			sourceTree = "<group>";
		};
/* End PBXVariantGroup section */

/* Begin XCBuildConfiguration section */
		B1B103C92425C9ED0090CBC6 /* Debug */ = {
			isa = XCBuildConfiguration;
			buildSettings = {
				ALWAYS_SEARCH_USER_PATHS = NO;
				CLANG_ANALYZER_NONNULL = YES;
				CLANG_ANALYZER_NUMBER_OBJECT_CONVERSION = YES_AGGRESSIVE;
				CLANG_CXX_LANGUAGE_STANDARD = "gnu++14";
				CLANG_CXX_LIBRARY = "libc++";
				CLANG_ENABLE_MODULES = YES;
				CLANG_ENABLE_OBJC_ARC = YES;
				CLANG_ENABLE_OBJC_WEAK = YES;
				CLANG_WARN_BLOCK_CAPTURE_AUTORELEASING = YES;
				CLANG_WARN_BOOL_CONVERSION = YES;
				CLANG_WARN_COMMA = YES;
				CLANG_WARN_CONSTANT_CONVERSION = YES;
				CLANG_WARN_DEPRECATED_OBJC_IMPLEMENTATIONS = YES;
				CLANG_WARN_DIRECT_OBJC_ISA_USAGE = YES_ERROR;
				CLANG_WARN_DOCUMENTATION_COMMENTS = YES;
				CLANG_WARN_EMPTY_BODY = YES;
				CLANG_WARN_ENUM_CONVERSION = YES;
				CLANG_WARN_INFINITE_RECURSION = YES;
				CLANG_WARN_INT_CONVERSION = YES;
				CLANG_WARN_NON_LITERAL_NULL_CONVERSION = YES;
				CLANG_WARN_OBJC_IMPLICIT_RETAIN_SELF = YES;
				CLANG_WARN_OBJC_LITERAL_CONVERSION = YES;
				CLANG_WARN_OBJC_ROOT_CLASS = YES_ERROR;
				CLANG_WARN_RANGE_LOOP_ANALYSIS = YES;
				CLANG_WARN_STRICT_PROTOTYPES = YES;
				CLANG_WARN_SUSPICIOUS_MOVE = YES;
				CLANG_WARN_UNGUARDED_AVAILABILITY = YES_AGGRESSIVE;
				CLANG_WARN_UNREACHABLE_CODE = YES;
				CLANG_WARN__DUPLICATE_METHOD_MATCH = YES;
				COPY_PHASE_STRIP = NO;
				DEBUG_INFORMATION_FORMAT = dwarf;
				ENABLE_STRICT_OBJC_MSGSEND = YES;
				ENABLE_TESTABILITY = YES;
				GCC_C_LANGUAGE_STANDARD = gnu11;
				GCC_DYNAMIC_NO_PIC = NO;
				GCC_NO_COMMON_BLOCKS = YES;
				GCC_OPTIMIZATION_LEVEL = 0;
				GCC_PREPROCESSOR_DEFINITIONS = (
					"DEBUG=1",
					"$(inherited)",
				);
				GCC_WARN_64_TO_32_BIT_CONVERSION = YES;
				GCC_WARN_ABOUT_RETURN_TYPE = YES_ERROR;
				GCC_WARN_UNDECLARED_SELECTOR = YES;
				GCC_WARN_UNINITIALIZED_AUTOS = YES_AGGRESSIVE;
				GCC_WARN_UNUSED_FUNCTION = YES;
				GCC_WARN_UNUSED_VARIABLE = YES;
				IPHONEOS_DEPLOYMENT_TARGET = 13.2;
				MTL_ENABLE_DEBUG_INFO = INCLUDE_SOURCE;
				MTL_FAST_MATH = YES;
				ONLY_ACTIVE_ARCH = YES;
				SDKROOT = iphoneos;
				SWIFT_ACTIVE_COMPILATION_CONDITIONS = DEBUG;
				SWIFT_OPTIMIZATION_LEVEL = "-Onone";
			};
			name = Debug;
		};
		B1B103CA2425C9ED0090CBC6 /* Release */ = {
			isa = XCBuildConfiguration;
			buildSettings = {
				ALWAYS_SEARCH_USER_PATHS = NO;
				CLANG_ANALYZER_NONNULL = YES;
				CLANG_ANALYZER_NUMBER_OBJECT_CONVERSION = YES_AGGRESSIVE;
				CLANG_CXX_LANGUAGE_STANDARD = "gnu++14";
				CLANG_CXX_LIBRARY = "libc++";
				CLANG_ENABLE_MODULES = YES;
				CLANG_ENABLE_OBJC_ARC = YES;
				CLANG_ENABLE_OBJC_WEAK = YES;
				CLANG_WARN_BLOCK_CAPTURE_AUTORELEASING = YES;
				CLANG_WARN_BOOL_CONVERSION = YES;
				CLANG_WARN_COMMA = YES;
				CLANG_WARN_CONSTANT_CONVERSION = YES;
				CLANG_WARN_DEPRECATED_OBJC_IMPLEMENTATIONS = YES;
				CLANG_WARN_DIRECT_OBJC_ISA_USAGE = YES_ERROR;
				CLANG_WARN_DOCUMENTATION_COMMENTS = YES;
				CLANG_WARN_EMPTY_BODY = YES;
				CLANG_WARN_ENUM_CONVERSION = YES;
				CLANG_WARN_INFINITE_RECURSION = YES;
				CLANG_WARN_INT_CONVERSION = YES;
				CLANG_WARN_NON_LITERAL_NULL_CONVERSION = YES;
				CLANG_WARN_OBJC_IMPLICIT_RETAIN_SELF = YES;
				CLANG_WARN_OBJC_LITERAL_CONVERSION = YES;
				CLANG_WARN_OBJC_ROOT_CLASS = YES_ERROR;
				CLANG_WARN_RANGE_LOOP_ANALYSIS = YES;
				CLANG_WARN_STRICT_PROTOTYPES = YES;
				CLANG_WARN_SUSPICIOUS_MOVE = YES;
				CLANG_WARN_UNGUARDED_AVAILABILITY = YES_AGGRESSIVE;
				CLANG_WARN_UNREACHABLE_CODE = YES;
				CLANG_WARN__DUPLICATE_METHOD_MATCH = YES;
				COPY_PHASE_STRIP = NO;
				DEBUG_INFORMATION_FORMAT = "dwarf-with-dsym";
				ENABLE_NS_ASSERTIONS = NO;
				ENABLE_STRICT_OBJC_MSGSEND = YES;
				GCC_C_LANGUAGE_STANDARD = gnu11;
				GCC_NO_COMMON_BLOCKS = YES;
				GCC_WARN_64_TO_32_BIT_CONVERSION = YES;
				GCC_WARN_ABOUT_RETURN_TYPE = YES_ERROR;
				GCC_WARN_UNDECLARED_SELECTOR = YES;
				GCC_WARN_UNINITIALIZED_AUTOS = YES_AGGRESSIVE;
				GCC_WARN_UNUSED_FUNCTION = YES;
				GCC_WARN_UNUSED_VARIABLE = YES;
				IPHONEOS_DEPLOYMENT_TARGET = 13.2;
				MTL_ENABLE_DEBUG_INFO = NO;
				MTL_FAST_MATH = YES;
				SDKROOT = iphoneos;
				SWIFT_COMPILATION_MODE = wholemodule;
				SWIFT_OPTIMIZATION_LEVEL = "-O";
				VALIDATE_PRODUCT = YES;
			};
			name = Release;
		};
		B1B103CC2425C9ED0090CBC6 /* Debug */ = {
			isa = XCBuildConfiguration;
			buildSettings = {
				ASSETCATALOG_COMPILER_APPICON_NAME = AppIcon;
				CODE_SIGN_STYLE = Automatic;
				DEVELOPMENT_TEAM = LHZ773PQUU;
				INFOPLIST_FILE = eat/Info.plist;
				LD_RUNPATH_SEARCH_PATHS = (
					"$(inherited)",
					"@executable_path/Frameworks",
				);
				PRODUCT_BUNDLE_IDENTIFIER = test.which;
				PRODUCT_NAME = which;
				SWIFT_VERSION = 5.0;
				TARGETED_DEVICE_FAMILY = "1,2";
			};
			name = Debug;
		};
		B1B103CD2425C9ED0090CBC6 /* Release */ = {
			isa = XCBuildConfiguration;
			buildSettings = {
				ASSETCATALOG_COMPILER_APPICON_NAME = AppIcon;
				CODE_SIGN_STYLE = Automatic;
				DEVELOPMENT_TEAM = LHZ773PQUU;
				INFOPLIST_FILE = eat/Info.plist;
				LD_RUNPATH_SEARCH_PATHS = (
					"$(inherited)",
					"@executable_path/Frameworks",
				);
				PRODUCT_BUNDLE_IDENTIFIER = test.which;
				PRODUCT_NAME = which;
				SWIFT_VERSION = 5.0;
				TARGETED_DEVICE_FAMILY = "1,2";
			};
			name = Release;
		};
/* End XCBuildConfiguration section */

/* Begin XCConfigurationList section */
		B1B103B22425C9EA0090CBC6 /* Build configuration list for PBXProject "which" */ = {
			isa = XCConfigurationList;
			buildConfigurations = (
				B1B103C92425C9ED0090CBC6 /* Debug */,
				B1B103CA2425C9ED0090CBC6 /* Release */,
			);
			defaultConfigurationIsVisible = 0;
			defaultConfigurationName = Release;
		};
		B1B103CB2425C9ED0090CBC6 /* Build configuration list for PBXNativeTarget "which" */ = {
			isa = XCConfigurationList;
			buildConfigurations = (
				B1B103CC2425C9ED0090CBC6 /* Debug */,
				B1B103CD2425C9ED0090CBC6 /* Release */,
			);
			defaultConfigurationIsVisible = 0;
			defaultConfigurationName = Release;
		};
/* End XCConfigurationList section */
	};
	rootObject = B1B103AF2425C9EA0090CBC6 /* Project object */;
}
